
Microsoft Visual Studio Solution File, Format Version 12.00
# Visual Studio Version 16
VisualStudioVersion = 16.0.32002.261
MinimumVisualStudioVersion = 10.0.40219.1
Project("{FAE04EC0-301F-11D3-BF4B-00C04F79EFBC}") = "DiceGame", "DiceGame\DiceGame.csproj", "{60D5ED12-1D3F-4A68-98E0-12DF0977F5AF}"
EndProject
Global
	GlobalSection(SolutionConfigurationPlatforms) = preSolution
		Debug|Any CPU = Debug|Any CPU
		Release|Any CPU = Release|Any CPU
	EndGlobalSection
	GlobalSection(ProjectConfigurationPlatforms) = postSolution
		{60D5ED12-1D3F-4A68-98E0-12DF0977F5AF}.Debug|Any CPU.ActiveCfg = Debug|Any CPU
		{60D5ED12-1D3F-4A68-98E0-12DF0977F5AF}.Debug|Any CPU.Build.0 = Debug|Any CPU
		{60D5ED12-1D3F-4A68-98E0-12DF0977F5AF}.Release|Any CPU.ActiveCfg = Release|Any CPU
		{60D5ED12-1D3F-4A68-98E0-12DF0977F5AF}.Release|Any CPU.Build.0 = Release|Any CPU
	EndGlobalSection
	GlobalSection(SolutionProperties) = preSolution
		HideSolutionNode = FALSE
	EndGlobalSection
	GlobalSection(ExtensibilityGlobals) = postSolution
		SolutionGuid = {FF432B75-B68E-44FB-BC94-F812554FA49E}
	EndGlobalSection
EndGlobal
